<?xml version="1.0" encoding="utf-8"?>
<Project ToolsVersion="4.0" xmlns="http://schemas.microsoft.com/developer/msbuild/2003">
  <ItemGroup>
    <Filter Include="소스 파일">
      <UniqueIdentifier>{4FC737F1-C7A5-4376-A066-2A32D752A2FF}</UniqueIdentifier>
      <Extensions>cpp;c;cc;cxx;c++;cppm;ixx;def;odl;idl;hpj;bat;asm;asmx</Extensions>
    </Filter>
    <Filter Include="헤더 파일">
      <UniqueIdentifier>{93995380-89BD-4b04-88EB-625FBE52EBFB}</UniqueIdentifier>
      <Extensions>h;hh;hpp;hxx;h++;hm;inl;inc;ipp;xsd</Extensions>
    </Filter>
    <Filter Include="리소스 파일">
      <UniqueIdentifier>{67DA6AB6-F800-4c08-8B7A-83BB121AAD01}</UniqueIdentifier>
      <Extensions>rc;ico;cur;bmp;dlg;rc2;rct;bin;rgs;gif;jpg;jpeg;jpe;resx;tiff;tif;png;wav;mfcribbon-ms</Extensions>
    </Filter>
    <Filter Include="소스 파일\123">
      <UniqueIdentifier>{b1d35b36-1bf7-4d95-b23c-c7cef16fc17e}</UniqueIdentifier>
    </Filter>
    <Filter Include="소스 파일\server_client">
      <UniqueIdentifier>{ae0e9c43-a965-4ef3-b2a1-932b37785ac3}</UniqueIdentifier>
    </Filter>
  </ItemGroup>
  <ItemGroup>
    <ClCompile Include="01.c">
      <Filter>소스 파일\123</Filter>
    </ClCompile>
    <ClCompile Include="33.c">
      <Filter>소스 파일\123</Filter>
    </ClCompile>
    <ClCompile Include="main.c">
      <Filter>소스 파일\123</Filter>
    </ClCompile>
    <ClCompile Include="process.c">
      <Filter>소스 파일\123</Filter>
    </ClCompile>
    <ClCompile Include="client.c">
      <Filter>소스 파일\server_client</Filter>
    </ClCompile>
    <ClCompile Include="server.c">
      <Filter>소스 파일\server_client</Filter>
    </ClCompile>
    <ClCompile Include="Test01.c">
      <Filter>소스 파일\123</Filter>
    </ClCompile>
    <ClCompile Include="test.c">
      <Filter>소스 파일\123</Filter>
    </ClCompile>
    <ClCompile Include="material.c">
      <Filter>소스 파일</Filter>
    </ClCompile>
    <ClCompile Include="Production_Plan.c">
      <Filter>소스 파일\123</Filter>
    </ClCompile>
    <ClCompile Include="BOMTree.c">
      <Filter>소스 파일</Filter>
    </ClCompile>
    <ClCompile Include="UI.c">
      <Filter>소스 파일</Filter>
    </ClCompile>
    <ClCompile Include="Order.c">
      <Filter>소스 파일</Filter>
    </ClCompile>
    <ClCompile Include="account.c">
      <Filter>소스 파일\123</Filter>
    </ClCompile>
  </ItemGroup>
  <ItemGroup>
    <ClInclude Include="cereal.h">
      <Filter>헤더 파일</Filter>
    </ClInclude>
    <ClInclude Include="local.h">
      <Filter>헤더 파일</Filter>
    </ClInclude>
    <ClInclude Include="BOMTree.h">
      <Filter>헤더 파일</Filter>
    </ClInclude>
    <ClInclude Include="UI.h">
      <Filter>헤더 파일</Filter>
    </ClInclude>
  </ItemGroup>
  <ItemGroup>
    <None Include="process.dat">
      <Filter>리소스 파일</Filter>
    </None>
    <None Include="BOM_SAMPLE_3.dat">
      <Filter>리소스 파일</Filter>
    </None>
    <None Include="material.dat">
      <Filter>리소스 파일</Filter>
    </None>
  </ItemGroup>
</Project>